
Microsoft Visual Studio Solution File, Format Version 12.00
# Visual Studio 15
VisualStudioVersion = 15.0.28307.645
MinimumVisualStudioVersion = 10.0.40219.1
Project("{FAE04EC0-301F-11D3-BF4B-00C04F79EFBC}") = "MasGlobal.Employees.Web", "MasGlobal.Employees.Web\MasGlobal.Employees.Web.csproj", "{C1E09EA5-28F9-4AE2-B47C-9A01073BC75F}"
EndProject
Project("{2150E333-8FDC-42A3-9474-1A3956D46DE8}") = "Web", "Web", "{D08D5B70-1AA3-4401-A9FD-827D89D635DF}"
EndProject
Project("{2150E333-8FDC-42A3-9474-1A3956D46DE8}") = "Common", "Common", "{686806DE-7318-483C-B97C-19B279D3ADF1}"
EndProject
Project("{FAE04EC0-301F-11D3-BF4B-00C04F79EFBC}") = "MasGlobal.Employees.Common", "MasGlobal.Employees.Common\MasGlobal.Employees.Common.csproj", "{4B0E3EFB-DFDC-46FB-862C-3577B669B7A9}"
EndProject
Project("{2150E333-8FDC-42A3-9474-1A3956D46DE8}") = "Api", "Api", "{9780A78B-4DCA-453B-9275-4B709199449D}"
EndProject
Project("{FAE04EC0-301F-11D3-BF4B-00C04F79EFBC}") = "MasGlobal.Employees.Api", "MasGlobal.Employees.Api\MasGlobal.Employees.Api.csproj", "{DB9310C4-EE5A-436F-99FE-D53E739318E8}"
EndProject
Project("{2150E333-8FDC-42A3-9474-1A3956D46DE8}") = "Model", "Model", "{8FE9C386-C825-4B49-99CF-CCEE179CEB12}"
EndProject
Project("{FAE04EC0-301F-11D3-BF4B-00C04F79EFBC}") = "MasGlobal.Employees.Core", "MasGlobal.Employees.Core\MasGlobal.Employees.Core.csproj", "{4C8D7855-7071-4866-B7A8-F32018784F91}"
EndProject
Project("{FAE04EC0-301F-11D3-BF4B-00C04F79EFBC}") = "MasGlobal.Employees.TO", "MasGlobal.Employees.TO\MasGlobal.Employees.TO.csproj", "{944CA1A7-12BD-4766-9D93-0D25A623D290}"
EndProject
Project("{FAE04EC0-301F-11D3-BF4B-00C04F79EFBC}") = "MasGlobal.Employees.DAO", "MasGlobal.Employees.Domain\MasGlobal.Employees.DAO.csproj", "{6C14F306-EDF8-43E7-B437-C35E215BEB33}"
EndProject
Project("{2150E333-8FDC-42A3-9474-1A3956D46DE8}") = "Test", "Test", "{9FCBF9F4-E641-4CDE-A286-005E8207AFC9}"
EndProject
Project("{FAE04EC0-301F-11D3-BF4B-00C04F79EFBC}") = "MasGlobal.Employees.Test", "MasGlobal.Employees.Test\MasGlobal.Employees.Test.csproj", "{9C40228D-DD3B-48E3-A235-A5DE79192ED2}"
EndProject
Global
	GlobalSection(SolutionConfigurationPlatforms) = preSolution
		Debug|Any CPU = Debug|Any CPU
		Debug|ARM = Debug|ARM
		Debug|ARM64 = Debug|ARM64
		Debug|x64 = Debug|x64
		Debug|x86 = Debug|x86
		Release|Any CPU = Release|Any CPU
		Release|ARM = Release|ARM
		Release|ARM64 = Release|ARM64
		Release|x64 = Release|x64
		Release|x86 = Release|x86
	EndGlobalSection
	GlobalSection(ProjectConfigurationPlatforms) = postSolution
		{C1E09EA5-28F9-4AE2-B47C-9A01073BC75F}.Debug|Any CPU.ActiveCfg = Debug|Any CPU
		{C1E09EA5-28F9-4AE2-B47C-9A01073BC75F}.Debug|Any CPU.Build.0 = Debug|Any CPU
		{C1E09EA5-28F9-4AE2-B47C-9A01073BC75F}.Debug|ARM.ActiveCfg = Debug|Any CPU
		{C1E09EA5-28F9-4AE2-B47C-9A01073BC75F}.Debug|ARM.Build.0 = Debug|Any CPU
		{C1E09EA5-28F9-4AE2-B47C-9A01073BC75F}.Debug|ARM64.ActiveCfg = Debug|Any CPU
		{C1E09EA5-28F9-4AE2-B47C-9A01073BC75F}.Debug|ARM64.Build.0 = Debug|Any CPU
		{C1E09EA5-28F9-4AE2-B47C-9A01073BC75F}.Debug|x64.ActiveCfg = Debug|Any CPU
		{C1E09EA5-28F9-4AE2-B47C-9A01073BC75F}.Debug|x64.Build.0 = Debug|Any CPU
		{C1E09EA5-28F9-4AE2-B47C-9A01073BC75F}.Debug|x86.ActiveCfg = Debug|Any CPU
		{C1E09EA5-28F9-4AE2-B47C-9A01073BC75F}.Debug|x86.Build.0 = Debug|Any CPU
		{C1E09EA5-28F9-4AE2-B47C-9A01073BC75F}.Release|Any CPU.ActiveCfg = Release|Any CPU
		{C1E09EA5-28F9-4AE2-B47C-9A01073BC75F}.Release|Any CPU.Build.0 = Release|Any CPU
		{C1E09EA5-28F9-4AE2-B47C-9A01073BC75F}.Release|ARM.ActiveCfg = Release|Any CPU
		{C1E09EA5-28F9-4AE2-B47C-9A01073BC75F}.Release|ARM.Build.0 = Release|Any CPU
		{C1E09EA5-28F9-4AE2-B47C-9A01073BC75F}.Release|ARM64.ActiveCfg = Release|Any CPU
		{C1E09EA5-28F9-4AE2-B47C-9A01073BC75F}.Release|ARM64.Build.0 = Release|Any CPU
		{C1E09EA5-28F9-4AE2-B47C-9A01073BC75F}.Release|x64.ActiveCfg = Release|Any CPU
		{C1E09EA5-28F9-4AE2-B47C-9A01073BC75F}.Release|x64.Build.0 = Release|Any CPU
		{C1E09EA5-28F9-4AE2-B47C-9A01073BC75F}.Release|x86.ActiveCfg = Release|Any CPU
		{C1E09EA5-28F9-4AE2-B47C-9A01073BC75F}.Release|x86.Build.0 = Release|Any CPU
		{4B0E3EFB-DFDC-46FB-862C-3577B669B7A9}.Debug|Any CPU.ActiveCfg = Debug|Any CPU
		{4B0E3EFB-DFDC-46FB-862C-3577B669B7A9}.Debug|Any CPU.Build.0 = Debug|Any CPU
		{4B0E3EFB-DFDC-46FB-862C-3577B669B7A9}.Debug|ARM.ActiveCfg = Debug|Any CPU
		{4B0E3EFB-DFDC-46FB-862C-3577B669B7A9}.Debug|ARM.Build.0 = Debug|Any CPU
		{4B0E3EFB-DFDC-46FB-862C-3577B669B7A9}.Debug|ARM64.ActiveCfg = Debug|Any CPU
		{4B0E3EFB-DFDC-46FB-862C-3577B669B7A9}.Debug|ARM64.Build.0 = Debug|Any CPU
		{4B0E3EFB-DFDC-46FB-862C-3577B669B7A9}.Debug|x64.ActiveCfg = Debug|Any CPU
		{4B0E3EFB-DFDC-46FB-862C-3577B669B7A9}.Debug|x64.Build.0 = Debug|Any CPU
		{4B0E3EFB-DFDC-46FB-862C-3577B669B7A9}.Debug|x86.ActiveCfg = Debug|Any CPU
		{4B0E3EFB-DFDC-46FB-862C-3577B669B7A9}.Debug|x86.Build.0 = Debug|Any CPU
		{4B0E3EFB-DFDC-46FB-862C-3577B669B7A9}.Release|Any CPU.ActiveCfg = Release|Any CPU
		{4B0E3EFB-DFDC-46FB-862C-3577B669B7A9}.Release|Any CPU.Build.0 = Release|Any CPU
		{4B0E3EFB-DFDC-46FB-862C-3577B669B7A9}.Release|ARM.ActiveCfg = Release|Any CPU
		{4B0E3EFB-DFDC-46FB-862C-3577B669B7A9}.Release|ARM.Build.0 = Release|Any CPU
		{4B0E3EFB-DFDC-46FB-862C-3577B669B7A9}.Release|ARM64.ActiveCfg = Release|Any CPU
		{4B0E3EFB-DFDC-46FB-862C-3577B669B7A9}.Release|ARM64.Build.0 = Release|Any CPU
		{4B0E3EFB-DFDC-46FB-862C-3577B669B7A9}.Release|x64.ActiveCfg = Release|Any CPU
		{4B0E3EFB-DFDC-46FB-862C-3577B669B7A9}.Release|x64.Build.0 = Release|Any CPU
		{4B0E3EFB-DFDC-46FB-862C-3577B669B7A9}.Release|x86.ActiveCfg = Release|Any CPU
		{4B0E3EFB-DFDC-46FB-862C-3577B669B7A9}.Release|x86.Build.0 = Release|Any CPU
		{DB9310C4-EE5A-436F-99FE-D53E739318E8}.Debug|Any CPU.ActiveCfg = Debug|Any CPU
		{DB9310C4-EE5A-436F-99FE-D53E739318E8}.Debug|Any CPU.Build.0 = Debug|Any CPU
		{DB9310C4-EE5A-436F-99FE-D53E739318E8}.Debug|ARM.ActiveCfg = Debug|Any CPU
		{DB9310C4-EE5A-436F-99FE-D53E739318E8}.Debug|ARM.Build.0 = Debug|Any CPU
		{DB9310C4-EE5A-436F-99FE-D53E739318E8}.Debug|ARM64.ActiveCfg = Debug|Any CPU
		{DB9310C4-EE5A-436F-99FE-D53E739318E8}.Debug|ARM64.Build.0 = Debug|Any CPU
		{DB9310C4-EE5A-436F-99FE-D53E739318E8}.Debug|x64.ActiveCfg = Debug|Any CPU
		{DB9310C4-EE5A-436F-99FE-D53E739318E8}.Debug|x64.Build.0 = Debug|Any CPU
		{DB9310C4-EE5A-436F-99FE-D53E739318E8}.Debug|x86.ActiveCfg = Debug|Any CPU
		{DB9310C4-EE5A-436F-99FE-D53E739318E8}.Debug|x86.Build.0 = Debug|Any CPU
		{DB9310C4-EE5A-436F-99FE-D53E739318E8}.Release|Any CPU.ActiveCfg = Release|Any CPU
		{DB9310C4-EE5A-436F-99FE-D53E739318E8}.Release|Any CPU.Build.0 = Release|Any CPU
		{DB9310C4-EE5A-436F-99FE-D53E739318E8}.Release|ARM.ActiveCfg = Release|Any CPU
		{DB9310C4-EE5A-436F-99FE-D53E739318E8}.Release|ARM.Build.0 = Release|Any CPU
		{DB9310C4-EE5A-436F-99FE-D53E739318E8}.Release|ARM64.ActiveCfg = Release|Any CPU
		{DB9310C4-EE5A-436F-99FE-D53E739318E8}.Release|ARM64.Build.0 = Release|Any CPU
		{DB9310C4-EE5A-436F-99FE-D53E739318E8}.Release|x64.ActiveCfg = Release|Any CPU
		{DB9310C4-EE5A-436F-99FE-D53E739318E8}.Release|x64.Build.0 = Release|Any CPU
		{DB9310C4-EE5A-436F-99FE-D53E739318E8}.Release|x86.ActiveCfg = Release|Any CPU
		{DB9310C4-EE5A-436F-99FE-D53E739318E8}.Release|x86.Build.0 = Release|Any CPU
		{4C8D7855-7071-4866-B7A8-F32018784F91}.Debug|Any CPU.ActiveCfg = Debug|Any CPU
		{4C8D7855-7071-4866-B7A8-F32018784F91}.Debug|Any CPU.Build.0 = Debug|Any CPU
		{4C8D7855-7071-4866-B7A8-F32018784F91}.Debug|ARM.ActiveCfg = Debug|Any CPU
		{4C8D7855-7071-4866-B7A8-F32018784F91}.Debug|ARM.Build.0 = Debug|Any CPU
		{4C8D7855-7071-4866-B7A8-F32018784F91}.Debug|ARM64.ActiveCfg = Debug|Any CPU
		{4C8D7855-7071-4866-B7A8-F32018784F91}.Debug|ARM64.Build.0 = Debug|Any CPU
		{4C8D7855-7071-4866-B7A8-F32018784F91}.Debug|x64.ActiveCfg = Debug|Any CPU
		{4C8D7855-7071-4866-B7A8-F32018784F91}.Debug|x64.Build.0 = Debug|Any CPU
		{4C8D7855-7071-4866-B7A8-F32018784F91}.Debug|x86.ActiveCfg = Debug|Any CPU
		{4C8D7855-7071-4866-B7A8-F32018784F91}.Debug|x86.Build.0 = Debug|Any CPU
		{4C8D7855-7071-4866-B7A8-F32018784F91}.Release|Any CPU.ActiveCfg = Release|Any CPU
		{4C8D7855-7071-4866-B7A8-F32018784F91}.Release|Any CPU.Build.0 = Release|Any CPU
		{4C8D7855-7071-4866-B7A8-F32018784F91}.Release|ARM.ActiveCfg = Release|Any CPU
		{4C8D7855-7071-4866-B7A8-F32018784F91}.Release|ARM.Build.0 = Release|Any CPU
		{4C8D7855-7071-4866-B7A8-F32018784F91}.Release|ARM64.ActiveCfg = Release|Any CPU
		{4C8D7855-7071-4866-B7A8-F32018784F91}.Release|ARM64.Build.0 = Release|Any CPU
		{4C8D7855-7071-4866-B7A8-F32018784F91}.Release|x64.ActiveCfg = Release|Any CPU
		{4C8D7855-7071-4866-B7A8-F32018784F91}.Release|x64.Build.0 = Release|Any CPU
		{4C8D7855-7071-4866-B7A8-F32018784F91}.Release|x86.ActiveCfg = Release|Any CPU
		{4C8D7855-7071-4866-B7A8-F32018784F91}.Release|x86.Build.0 = Release|Any CPU
		{944CA1A7-12BD-4766-9D93-0D25A623D290}.Debug|Any CPU.ActiveCfg = Debug|Any CPU
		{944CA1A7-12BD-4766-9D93-0D25A623D290}.Debug|Any CPU.Build.0 = Debug|Any CPU
		{944CA1A7-12BD-4766-9D93-0D25A623D290}.Debug|ARM.ActiveCfg = Debug|Any CPU
		{944CA1A7-12BD-4766-9D93-0D25A623D290}.Debug|ARM.Build.0 = Debug|Any CPU
		{944CA1A7-12BD-4766-9D93-0D25A623D290}.Debug|ARM64.ActiveCfg = Debug|Any CPU
		{944CA1A7-12BD-4766-9D93-0D25A623D290}.Debug|ARM64.Build.0 = Debug|Any CPU
		{944CA1A7-12BD-4766-9D93-0D25A623D290}.Debug|x64.ActiveCfg = Debug|Any CPU
		{944CA1A7-12BD-4766-9D93-0D25A623D290}.Debug|x64.Build.0 = Debug|Any CPU
		{944CA1A7-12BD-4766-9D93-0D25A623D290}.Debug|x86.ActiveCfg = Debug|Any CPU
		{944CA1A7-12BD-4766-9D93-0D25A623D290}.Debug|x86.Build.0 = Debug|Any CPU
		{944CA1A7-12BD-4766-9D93-0D25A623D290}.Release|Any CPU.ActiveCfg = Release|Any CPU
		{944CA1A7-12BD-4766-9D93-0D25A623D290}.Release|Any CPU.Build.0 = Release|Any CPU
		{944CA1A7-12BD-4766-9D93-0D25A623D290}.Release|ARM.ActiveCfg = Release|Any CPU
		{944CA1A7-12BD-4766-9D93-0D25A623D290}.Release|ARM.Build.0 = Release|Any CPU
		{944CA1A7-12BD-4766-9D93-0D25A623D290}.Release|ARM64.ActiveCfg = Release|Any CPU
		{944CA1A7-12BD-4766-9D93-0D25A623D290}.Release|ARM64.Build.0 = Release|Any CPU
		{944CA1A7-12BD-4766-9D93-0D25A623D290}.Release|x64.ActiveCfg = Release|Any CPU
		{944CA1A7-12BD-4766-9D93-0D25A623D290}.Release|x64.Build.0 = Release|Any CPU
		{944CA1A7-12BD-4766-9D93-0D25A623D290}.Release|x86.ActiveCfg = Release|Any CPU
		{944CA1A7-12BD-4766-9D93-0D25A623D290}.Release|x86.Build.0 = Release|Any CPU
		{6C14F306-EDF8-43E7-B437-C35E215BEB33}.Debug|Any CPU.ActiveCfg = Debug|Any CPU
		{6C14F306-EDF8-43E7-B437-C35E215BEB33}.Debug|Any CPU.Build.0 = Debug|Any CPU
		{6C14F306-EDF8-43E7-B437-C35E215BEB33}.Debug|ARM.ActiveCfg = Debug|Any CPU
		{6C14F306-EDF8-43E7-B437-C35E215BEB33}.Debug|ARM.Build.0 = Debug|Any CPU
		{6C14F306-EDF8-43E7-B437-C35E215BEB33}.Debug|ARM64.ActiveCfg = Debug|Any CPU
		{6C14F306-EDF8-43E7-B437-C35E215BEB33}.Debug|ARM64.Build.0 = Debug|Any CPU
		{6C14F306-EDF8-43E7-B437-C35E215BEB33}.Debug|x64.ActiveCfg = Debug|Any CPU
		{6C14F306-EDF8-43E7-B437-C35E215BEB33}.Debug|x64.Build.0 = Debug|Any CPU
		{6C14F306-EDF8-43E7-B437-C35E215BEB33}.Debug|x86.ActiveCfg = Debug|Any CPU
		{6C14F306-EDF8-43E7-B437-C35E215BEB33}.Debug|x86.Build.0 = Debug|Any CPU
		{6C14F306-EDF8-43E7-B437-C35E215BEB33}.Release|Any CPU.ActiveCfg = Release|Any CPU
		{6C14F306-EDF8-43E7-B437-C35E215BEB33}.Release|Any CPU.Build.0 = Release|Any CPU
		{6C14F306-EDF8-43E7-B437-C35E215BEB33}.Release|ARM.ActiveCfg = Release|Any CPU
		{6C14F306-EDF8-43E7-B437-C35E215BEB33}.Release|ARM.Build.0 = Release|Any CPU
		{6C14F306-EDF8-43E7-B437-C35E215BEB33}.Release|ARM64.ActiveCfg = Release|Any CPU
		{6C14F306-EDF8-43E7-B437-C35E215BEB33}.Release|ARM64.Build.0 = Release|Any CPU
		{6C14F306-EDF8-43E7-B437-C35E215BEB33}.Release|x64.ActiveCfg = Release|Any CPU
		{6C14F306-EDF8-43E7-B437-C35E215BEB33}.Release|x64.Build.0 = Release|Any CPU
		{6C14F306-EDF8-43E7-B437-C35E215BEB33}.Release|x86.ActiveCfg = Release|Any CPU
		{6C14F306-EDF8-43E7-B437-C35E215BEB33}.Release|x86.Build.0 = Release|Any CPU
		{9C40228D-DD3B-48E3-A235-A5DE79192ED2}.Debug|Any CPU.ActiveCfg = Debug|Any CPU
		{9C40228D-DD3B-48E3-A235-A5DE79192ED2}.Debug|Any CPU.Build.0 = Debug|Any CPU
		{9C40228D-DD3B-48E3-A235-A5DE79192ED2}.Debug|ARM.ActiveCfg = Debug|Any CPU
		{9C40228D-DD3B-48E3-A235-A5DE79192ED2}.Debug|ARM.Build.0 = Debug|Any CPU
		{9C40228D-DD3B-48E3-A235-A5DE79192ED2}.Debug|ARM64.ActiveCfg = Debug|Any CPU
		{9C40228D-DD3B-48E3-A235-A5DE79192ED2}.Debug|ARM64.Build.0 = Debug|Any CPU
		{9C40228D-DD3B-48E3-A235-A5DE79192ED2}.Debug|x64.ActiveCfg = Debug|Any CPU
		{9C40228D-DD3B-48E3-A235-A5DE79192ED2}.Debug|x64.Build.0 = Debug|Any CPU
		{9C40228D-DD3B-48E3-A235-A5DE79192ED2}.Debug|x86.ActiveCfg = Debug|Any CPU
		{9C40228D-DD3B-48E3-A235-A5DE79192ED2}.Debug|x86.Build.0 = Debug|Any CPU
		{9C40228D-DD3B-48E3-A235-A5DE79192ED2}.Release|Any CPU.ActiveCfg = Release|Any CPU
		{9C40228D-DD3B-48E3-A235-A5DE79192ED2}.Release|Any CPU.Build.0 = Release|Any CPU
		{9C40228D-DD3B-48E3-A235-A5DE79192ED2}.Release|ARM.ActiveCfg = Release|Any CPU
		{9C40228D-DD3B-48E3-A235-A5DE79192ED2}.Release|ARM.Build.0 = Release|Any CPU
		{9C40228D-DD3B-48E3-A235-A5DE79192ED2}.Release|ARM64.ActiveCfg = Release|Any CPU
		{9C40228D-DD3B-48E3-A235-A5DE79192ED2}.Release|ARM64.Build.0 = Release|Any CPU
		{9C40228D-DD3B-48E3-A235-A5DE79192ED2}.Release|x64.ActiveCfg = Release|Any CPU
		{9C40228D-DD3B-48E3-A235-A5DE79192ED2}.Release|x64.Build.0 = Release|Any CPU
		{9C40228D-DD3B-48E3-A235-A5DE79192ED2}.Release|x86.ActiveCfg = Release|Any CPU
		{9C40228D-DD3B-48E3-A235-A5DE79192ED2}.Release|x86.Build.0 = Release|Any CPU
	EndGlobalSection
	GlobalSection(SolutionProperties) = preSolution
		HideSolutionNode = FALSE
	EndGlobalSection
	GlobalSection(NestedProjects) = preSolution
		{C1E09EA5-28F9-4AE2-B47C-9A01073BC75F} = {D08D5B70-1AA3-4401-A9FD-827D89D635DF}
		{4B0E3EFB-DFDC-46FB-862C-3577B669B7A9} = {686806DE-7318-483C-B97C-19B279D3ADF1}
		{DB9310C4-EE5A-436F-99FE-D53E739318E8} = {9780A78B-4DCA-453B-9275-4B709199449D}
		{4C8D7855-7071-4866-B7A8-F32018784F91} = {8FE9C386-C825-4B49-99CF-CCEE179CEB12}
		{944CA1A7-12BD-4766-9D93-0D25A623D290} = {686806DE-7318-483C-B97C-19B279D3ADF1}
		{6C14F306-EDF8-43E7-B437-C35E215BEB33} = {686806DE-7318-483C-B97C-19B279D3ADF1}
		{9C40228D-DD3B-48E3-A235-A5DE79192ED2} = {9FCBF9F4-E641-4CDE-A286-005E8207AFC9}
	EndGlobalSection
	GlobalSection(ExtensibilityGlobals) = postSolution
		SolutionGuid = {3E550E43-2809-473E-A6E0-9BACDF034D05}
	EndGlobalSection
EndGlobal
